{
  "name": "boda-irene-alex",
  "version": "1.0.0",
  "lockfileVersion": 1,
  "requires": true,
  "dependencies": {
    "@webcomponents/webcomponentsjs": {
      "version": "2.4.1",
      "resolved": "https://globaldevtools.bbva.com:443/artifactory/api/npm/npm-repo/@webcomponents/webcomponentsjs/-/webcomponentsjs-2.4.1.tgz",
      "integrity": "sha1-e6rexW7S/Xm5Td/VCRMtjAwpXFw="
    },
    "lit-element": {
      "version": "2.2.1",
      "resolved": "https://globaldevtools.bbva.com:443/artifactory/api/npm/npm-repo/lit-element/-/lit-element-2.2.1.tgz",
      "integrity": "sha1-eclNjP3C1zskVlbjeZG9HkgR2W8=",
      "requires": {
        "lit-html": "^1.0.0"
      },
      "dependencies": {
        "lit-html": {
          "version": "1.1.2",
          "resolved": "https://globaldevtools.bbva.com:443/artifactory/api/npm/npm-repo/lit-html/-/lit-html-1.1.2.tgz",
          "integrity": "sha1-LjVgpwdSECQ2SciIrXOOrw2qg3Q="
        }
      }
    }
  }
}
