{
  "name": "boda-irene-alex",
  "version": "1.0.0",
  "lockfileVersion": 1,
  "requires": true,
  "dependencies": {
    "@webcomponents/webcomponentsjs": {
      "version": "2.5.0",
      "resolved": "https://globaldevtools.bbva.com:443/artifactory/api/npm/npm-repo/@webcomponents/webcomponentsjs/-/webcomponentsjs-2.5.0.tgz",
      "integrity": "sha1-YbJ3haatW/1o+gGCAf5BixGMs40="
    },
    "lit-element": {
      "version": "2.5.1",
      "resolved": "https://globaldevtools.bbva.com:443/artifactory/api/npm/npm-repo/lit-element/-/lit-element-2.5.1.tgz",
      "integrity": "sha1-P6dLEhps0ikCQJrjhZt4R9AaprY=",
      "requires": {
        "lit-html": "^1.1.1"
      }
    },
    "lit-html": {
      "version": "1.4.1",
      "resolved": "https://globaldevtools.bbva.com:443/artifactory/api/npm/npm-repo/lit-html/-/lit-html-1.4.1.tgz",
      "integrity": "sha1-DG8+5K1OthCkmDF4fwR4rY6a5eA="
    }
  }
}
